{
  "meteor": {},
  "dependencies": {
    "basePackages": {
      "streams": {},
      "serialport": {
        "path": "../../packages/serialport"
      },
      "bootstrap-3": {},
      "moment": {}
    },
    "packages": {
      "streams": {
        "git": "https://github.com/arunoda/meteor-streams.git",
        "tag": "v0.1.17",
        "commit": "9fcbbc9b7bf542827babc92089c19e730892a22f"
      },
      "serialport": {
        "path": "../../packages/serialport"
      },
      "bootstrap-3": {
        "git": "https://github.com/mangasocial/meteor-bootstrap-3.git",
        "tag": "v3.1.1-1",
        "commit": "63dd38968828bb8963636df93e9a1c45e2dfe67e"
      },
      "moment": {
        "git": "https://github.com/acreeger/meteor-moment.git",
        "tag": "v2.5.1",
        "commit": "8c9bc5d3fc96705057737cb9743d555417f6e551"
      }
    }
  }
}
