{
  "meteor": {},
  "dependencies": {
    "basePackages": {
      "streams": {},
      "serialport": {},
      "bootstrap-3": {},
      "moment": {}
    },
    "packages": {
      "streams": {
        "git": "https://github.com/arunoda/meteor-streams.git",
        "tag": "v0.1.17",
        "commit": "9fcbbc9b7bf542827babc92089c19e730892a22f"
      },
      "serialport": {
        "git": "https://github.com/HumulusMaximus/meteor-package-serialport.git",
        "tag": "v1.4.0",
        "commit": "8a09cfb07187d23e24670ab6b332594937394dd5"
      },
      "bootstrap-3": {
        "git": "https://github.com/mangasocial/meteor-bootstrap-3.git",
        "tag": "v3.1.1-1",
        "commit": "63dd38968828bb8963636df93e9a1c45e2dfe67e"
      },
      "moment": {
        "git": "https://github.com/acreeger/meteor-moment.git",
        "tag": "v2.6.0",
        "commit": "26156df681750fd6e6ed77043eef32b6653ebbdf"
      }
    }
  }
}
